
Microsoft Visual Studio Solution File, Format Version 12.00
# Visual Studio Version 16
VisualStudioVersion = 16.0.30114.105
MinimumVisualStudioVersion = 10.0.40219.1
Project("{9A19103F-16F7-4668-BE54-9A1E7A4F7556}") = "CoronaApp.Services", "Src\CoranaApp.Services\CoronaApp.Services.csproj", "{04B08CE1-25C7-4BBA-B1B7-7469429069E0}"
EndProject
Project("{9A19103F-16F7-4668-BE54-9A1E7A4F7556}") = "CoronaApp.Api", "Src\CoronaApp.Application\CoronaApp.Api.csproj", "{EED53933-DAF9-4AEF-88FD-210B2F12C5F6}"
EndProject
Project("{2150E333-8FDC-42A3-9474-1A3956D46DE8}") = "Tests", "Tests", "{0AF6CC86-9CE6-4543-897D-03C77399A44A}"
EndProject
Project("{9A19103F-16F7-4668-BE54-9A1E7A4F7556}") = "CoronaApp.Tests", "Tests\CoronaApp.Tests\CoronaApp.Tests.csproj", "{10A522D9-CB2F-48FC-B1FC-A0E88D12D3A6}"
EndProject
Project("{9A19103F-16F7-4668-BE54-9A1E7A4F7556}") = "CoronaApp.Dal", "Src\CoronaApp.Dal\CoronaApp.Dal.csproj", "{320EAF13-9A7F-46E1-968C-9B84DB6E5FC2}"
EndProject
Project("{9A19103F-16F7-4668-BE54-9A1E7A4F7556}") = "CoronaApp.Entities", "Entities\CoronaApp.Entities.csproj", "{10B9DC90-4E45-4539-9C71-CFFCCC049D2F}"
EndProject
Project("{2150E333-8FDC-42A3-9474-1A3956D46DE8}") = "Solution Items", "Solution Items", "{8FCDB16C-E1E1-4DE0-96A2-1C3CE1BD8CAE}"
	ProjectSection(SolutionItems) = preProject
		.editorconfig = .editorconfig
	EndProjectSection
EndProject
Project("{9A19103F-16F7-4668-BE54-9A1E7A4F7556}") = "Messages", "Messages\Messages.csproj", "{13230E7A-36E1-4B55-80E2-E9306DCF7369}"
EndProject
Project("{9A19103F-16F7-4668-BE54-9A1E7A4F7556}") = "Insulator", "Insulator\Insulator.csproj", "{26E385D7-AF30-432F-9CF0-419E7E1F8EF3}"
EndProject
Project("{9A19103F-16F7-4668-BE54-9A1E7A4F7556}") = "MDA_Service", "MDA_Service\MDA_Service.csproj", "{7147E691-8247-404F-8234-8C5F393E56D6}"
EndProject
Project("{9A19103F-16F7-4668-BE54-9A1E7A4F7556}") = "Hatzala_Service", "Hatzala_Service\Hatzala_Service.csproj", "{7A34B7CB-3193-4860-9D26-EE328634BF05}"
EndProject
Project("{9A19103F-16F7-4668-BE54-9A1E7A4F7556}") = "HealthMinistry_Service", "HealthMinistry_Service\HealthMinistry_Service.csproj", "{7F2645F3-44E8-48BC-90A5-736E4893884B}"
EndProject
Project("{9A19103F-16F7-4668-BE54-9A1E7A4F7556}") = "Fines_Service", "Fines_Service\Fines_Service.csproj", "{8285B1FC-913F-4128-9C67-7CBF6C703BB8}"
EndProject
Global
	GlobalSection(SolutionConfigurationPlatforms) = preSolution
		Debug|Any CPU = Debug|Any CPU
		Release|Any CPU = Release|Any CPU
	EndGlobalSection
	GlobalSection(ProjectConfigurationPlatforms) = postSolution
		{04B08CE1-25C7-4BBA-B1B7-7469429069E0}.Debug|Any CPU.ActiveCfg = Debug|Any CPU
		{04B08CE1-25C7-4BBA-B1B7-7469429069E0}.Debug|Any CPU.Build.0 = Debug|Any CPU
		{04B08CE1-25C7-4BBA-B1B7-7469429069E0}.Release|Any CPU.ActiveCfg = Release|Any CPU
		{04B08CE1-25C7-4BBA-B1B7-7469429069E0}.Release|Any CPU.Build.0 = Release|Any CPU
		{EED53933-DAF9-4AEF-88FD-210B2F12C5F6}.Debug|Any CPU.ActiveCfg = Debug|Any CPU
		{EED53933-DAF9-4AEF-88FD-210B2F12C5F6}.Debug|Any CPU.Build.0 = Debug|Any CPU
		{EED53933-DAF9-4AEF-88FD-210B2F12C5F6}.Release|Any CPU.ActiveCfg = Release|Any CPU
		{EED53933-DAF9-4AEF-88FD-210B2F12C5F6}.Release|Any CPU.Build.0 = Release|Any CPU
		{10A522D9-CB2F-48FC-B1FC-A0E88D12D3A6}.Debug|Any CPU.ActiveCfg = Debug|Any CPU
		{10A522D9-CB2F-48FC-B1FC-A0E88D12D3A6}.Debug|Any CPU.Build.0 = Debug|Any CPU
		{10A522D9-CB2F-48FC-B1FC-A0E88D12D3A6}.Release|Any CPU.ActiveCfg = Release|Any CPU
		{10A522D9-CB2F-48FC-B1FC-A0E88D12D3A6}.Release|Any CPU.Build.0 = Release|Any CPU
		{320EAF13-9A7F-46E1-968C-9B84DB6E5FC2}.Debug|Any CPU.ActiveCfg = Debug|Any CPU
		{320EAF13-9A7F-46E1-968C-9B84DB6E5FC2}.Debug|Any CPU.Build.0 = Debug|Any CPU
		{320EAF13-9A7F-46E1-968C-9B84DB6E5FC2}.Release|Any CPU.ActiveCfg = Release|Any CPU
		{320EAF13-9A7F-46E1-968C-9B84DB6E5FC2}.Release|Any CPU.Build.0 = Release|Any CPU
		{10B9DC90-4E45-4539-9C71-CFFCCC049D2F}.Debug|Any CPU.ActiveCfg = Debug|Any CPU
		{10B9DC90-4E45-4539-9C71-CFFCCC049D2F}.Debug|Any CPU.Build.0 = Debug|Any CPU
		{10B9DC90-4E45-4539-9C71-CFFCCC049D2F}.Release|Any CPU.ActiveCfg = Release|Any CPU
		{10B9DC90-4E45-4539-9C71-CFFCCC049D2F}.Release|Any CPU.Build.0 = Release|Any CPU
		{13230E7A-36E1-4B55-80E2-E9306DCF7369}.Debug|Any CPU.ActiveCfg = Debug|Any CPU
		{13230E7A-36E1-4B55-80E2-E9306DCF7369}.Debug|Any CPU.Build.0 = Debug|Any CPU
		{13230E7A-36E1-4B55-80E2-E9306DCF7369}.Release|Any CPU.ActiveCfg = Release|Any CPU
		{13230E7A-36E1-4B55-80E2-E9306DCF7369}.Release|Any CPU.Build.0 = Release|Any CPU
		{26E385D7-AF30-432F-9CF0-419E7E1F8EF3}.Debug|Any CPU.ActiveCfg = Debug|Any CPU
		{26E385D7-AF30-432F-9CF0-419E7E1F8EF3}.Debug|Any CPU.Build.0 = Debug|Any CPU
		{26E385D7-AF30-432F-9CF0-419E7E1F8EF3}.Release|Any CPU.ActiveCfg = Release|Any CPU
		{26E385D7-AF30-432F-9CF0-419E7E1F8EF3}.Release|Any CPU.Build.0 = Release|Any CPU
		{7147E691-8247-404F-8234-8C5F393E56D6}.Debug|Any CPU.ActiveCfg = Debug|Any CPU
		{7147E691-8247-404F-8234-8C5F393E56D6}.Debug|Any CPU.Build.0 = Debug|Any CPU
		{7147E691-8247-404F-8234-8C5F393E56D6}.Release|Any CPU.ActiveCfg = Release|Any CPU
		{7147E691-8247-404F-8234-8C5F393E56D6}.Release|Any CPU.Build.0 = Release|Any CPU
		{7A34B7CB-3193-4860-9D26-EE328634BF05}.Debug|Any CPU.ActiveCfg = Debug|Any CPU
		{7A34B7CB-3193-4860-9D26-EE328634BF05}.Debug|Any CPU.Build.0 = Debug|Any CPU
		{7A34B7CB-3193-4860-9D26-EE328634BF05}.Release|Any CPU.ActiveCfg = Release|Any CPU
		{7A34B7CB-3193-4860-9D26-EE328634BF05}.Release|Any CPU.Build.0 = Release|Any CPU
		{7F2645F3-44E8-48BC-90A5-736E4893884B}.Debug|Any CPU.ActiveCfg = Debug|Any CPU
		{7F2645F3-44E8-48BC-90A5-736E4893884B}.Debug|Any CPU.Build.0 = Debug|Any CPU
		{7F2645F3-44E8-48BC-90A5-736E4893884B}.Release|Any CPU.ActiveCfg = Release|Any CPU
		{7F2645F3-44E8-48BC-90A5-736E4893884B}.Release|Any CPU.Build.0 = Release|Any CPU
		{8285B1FC-913F-4128-9C67-7CBF6C703BB8}.Debug|Any CPU.ActiveCfg = Debug|Any CPU
		{8285B1FC-913F-4128-9C67-7CBF6C703BB8}.Debug|Any CPU.Build.0 = Debug|Any CPU
		{8285B1FC-913F-4128-9C67-7CBF6C703BB8}.Release|Any CPU.ActiveCfg = Release|Any CPU
		{8285B1FC-913F-4128-9C67-7CBF6C703BB8}.Release|Any CPU.Build.0 = Release|Any CPU
	EndGlobalSection
	GlobalSection(SolutionProperties) = preSolution
		HideSolutionNode = FALSE
	EndGlobalSection
	GlobalSection(NestedProjects) = preSolution
		{10A522D9-CB2F-48FC-B1FC-A0E88D12D3A6} = {0AF6CC86-9CE6-4543-897D-03C77399A44A}
	EndGlobalSection
	GlobalSection(ExtensibilityGlobals) = postSolution
		SolutionGuid = {82A6F397-8691-4EC9-B189-48EDF541AFA3}
	EndGlobalSection
EndGlobal
